lockfileVersion: '6.0'

settings:
  autoInstallPeers: true
  excludeLinksFromLockfile: false

dependencies:
  '@kitajs/html':
    specifier: '>=3'
    version: 3.0.0(@kitajs/ts-html-plugin@1.1.1)
  chalk:
    specifier: ^4.1.2
    version: 4.1.2
  tslib:
    specifier: ^2.6.2
    version: 2.6.2
  typescript:
    specifier: '>=5'
    version: 5.2.2
  yargs:
    specifier: ^17.7.2
    version: 17.7.2

devDependencies:
  '@arthurfiorette/prettier-config':
    specifier: ^1.0.11
    version: 1.0.12(prettier@3.0.3)(typescript@5.2.2)
  '@types/node':
    specifier: ^20.8.3
    version: 20.8.3
  '@types/yargs':
    specifier: ^17.0.28
    version: 17.0.29
  prettier:
    specifier: ^3.0.3
    version: 3.0.3
  self:
    specifier: file:.
    version: file:(@kitajs/html@3.0.0)(typescript@5.2.2)

packages:

  /@arthurfiorette/prettier-config@1.0.12(prettier@3.0.3)(typescript@5.2.2):
    resolution: {integrity: sha512-jR36bHWLVv71FuKkU9XYeBe6ry/AN98EDh0WVyfo3QwjJFbhpeElFTS4nluwxeXfu6nJ8/Hv8bJf6cYeXzfeoA==}
    hasBin: true
    peerDependencies:
      prettier: ^3.0.3
    dependencies:
      prettier: 3.0.3
      prettier-plugin-jsdoc: 1.1.1(prettier@3.0.3)
      prettier-plugin-organize-imports: 3.2.3(prettier@3.0.3)(typescript@5.2.2)
      prettier-plugin-packagejson: 2.4.6(prettier@3.0.3)
    transitivePeerDependencies:
      - '@volar/vue-language-plugin-pug'
      - '@volar/vue-typescript'
      - supports-color
      - typescript
    dev: true

  /@kitajs/html@3.0.0(@kitajs/ts-html-plugin@1.1.1):
    resolution: {integrity: sha512-8k9TH+9IBjq4XE/ct7Bv/jpKGuPqsTEbS8XFk4fQRNzQPRjJUm2sgQad9kIAZqh5UPA/QWw1pYMTI32UwKPRWg==}
    engines: {node: '>=12'}
    peerDependencies:
      '@kitajs/ts-html-plugin': '>=1.1'
    dependencies:
      '@kitajs/ts-html-plugin': 1.1.1(@kitajs/html@3.0.0)(typescript@5.2.2)
      csstype: 3.1.2

  /@kitajs/ts-html-plugin@1.1.1(@kitajs/html@3.0.0)(typescript@5.2.2):
    resolution: {integrity: sha512-LV/6b23stMYoIg3lJBMgEhn10bvU75kdwTrE0pnLjfn64CJdvCNmpiDtnGWd9TIzoBaRAPCh5nPFxXJg6pm4Eg==}
    hasBin: true
    peerDependencies:
      '@kitajs/html': '>=2'
      typescript: '>=5'
    dependencies:
      '@kitajs/html': 3.0.0(@kitajs/ts-html-plugin@1.1.1)
      chalk: 4.1.2
      tslib: 2.6.2
      typescript: 5.2.2
      yargs: 17.7.2

  /@nodelib/fs.scandir@2.1.5:
    resolution: {integrity: sha512-vq24Bq3ym5HEQm2NKCr3yXDwjc7vTsEThRDnkp2DK9p1uqLR+DHurm/NOTo0KG7HYHU7eppKZj3MyqYuMBf62g==}
    engines: {node: '>= 8'}
    dependencies:
      '@nodelib/fs.stat': 2.0.5
      run-parallel: 1.2.0
    dev: true

  /@nodelib/fs.stat@2.0.5:
    resolution: {integrity: sha512-RkhPPp2zrqDAQA/2jNhnztcPAlv64XdhIp7a7454A5ovI7Bukxgt7MX7udwAu3zg1DcpPU0rz3VV1SeaqvY4+A==}
    engines: {node: '>= 8'}
    dev: true

  /@nodelib/fs.walk@1.2.8:
    resolution: {integrity: sha512-oGB+UxlgWcgQkgwo8GcEGwemoTFt3FIO9ababBmaGwXIoBKZ+GTy0pP185beGg7Llih/NSHSV2XAs1lnznocSg==}
    engines: {node: '>= 8'}
    dependencies:
      '@nodelib/fs.scandir': 2.1.5
      fastq: 1.15.0
    dev: true

  /@pkgr/utils@2.4.2:
    resolution: {integrity: sha512-POgTXhjrTfbTV63DiFXav4lBHiICLKKwDeaKn9Nphwj7WH6m0hMMCaJkMyRWjgtPFyRKRVoMXXjczsTQRDEhYw==}
    engines: {node: ^12.20.0 || ^14.18.0 || >=16.0.0}
    dependencies:
      cross-spawn: 7.0.3
      fast-glob: 3.3.1
      is-glob: 4.0.3
      open: 9.1.0
      picocolors: 1.0.0
      tslib: 2.6.2
    dev: true

  /@types/debug@4.1.8:
    resolution: {integrity: sha512-/vPO1EPOs306Cvhwv7KfVfYvOJqA/S/AXjaHQiJboCZzcNDb+TIJFN9/2C9DZ//ijSKWioNyUxD792QmDJ+HKQ==}
    dependencies:
      '@types/ms': 0.7.31
    dev: true

  /@types/mdast@4.0.2:
    resolution: {integrity: sha512-tYR83EignvhYO9iU3kDg8V28M0jqyh9zzp5GV+EO+AYnyUl3P5ltkTeJuTiFZQFz670FSb3EwT/6LQdX+UdKfw==}
    dependencies:
      '@types/unist': 3.0.1
    dev: true

  /@types/ms@0.7.31:
    resolution: {integrity: sha512-iiUgKzV9AuaEkZqkOLDIvlQiL6ltuZd9tGcW3gwpnX8JbuiuhFlEGmmFXEXkN50Cvq7Os88IY2v0dkDqXYWVgA==}
    dev: true

  /@types/node@20.8.3:
    resolution: {integrity: sha512-jxiZQFpb+NlH5kjW49vXxvxTjeeqlbsnTAdBTKpzEdPs9itay7MscYXz3Fo9VYFEsfQ6LJFitHad3faerLAjCw==}
    dev: true

  /@types/unist@3.0.1:
    resolution: {integrity: sha512-ue/hDUpPjC85m+PM9OQDMZr3LywT+CT6mPsQq8OJtCLiERkGRcQUFvu9XASF5XWqyZFXbf15lvb3JFJ4dRLWPg==}
    dev: true

  /@types/yargs-parser@21.0.1:
    resolution: {integrity: sha512-axdPBuLuEJt0c4yI5OZssC19K2Mq1uKdrfZBzuxLvaztgqUtFYZUNw7lETExPYJR9jdEoIg4mb7RQKRQzOkeGQ==}
    dev: true

  /@types/yargs@17.0.29:
    resolution: {integrity: sha512-nacjqA3ee9zRF/++a3FUY1suHTFKZeHba2n8WeDw9cCVdmzmHpIxyzOJBcpHvvEmS8E9KqWlSnWHUkOrkhWcvA==}
    dependencies:
      '@types/yargs-parser': 21.0.1
    dev: true

  /ansi-regex@5.0.1:
    resolution: {integrity: sha512-quJQXlTSUGL2LH9SUXo8VwsY4soanhgo6LNSm84E1LBcE8s3O0wpdiRzyR9z/ZZJMlMWv37qOOb9pdJlMUEKFQ==}
    engines: {node: '>=8'}

  /ansi-styles@4.3.0:
    resolution: {integrity: sha512-zbB9rCJAT1rbjiVDb2hqKFHNYLxgtk8NURxZ3IZwD3F6NtxbXZQCnnSi1Lkx+IDohdPlFp222wVALIheZJQSEg==}
    engines: {node: '>=8'}
    dependencies:
      color-convert: 2.0.1

  /big-integer@1.6.51:
    resolution: {integrity: sha512-GPEid2Y9QU1Exl1rpO9B2IPJGHPSupF5GnVIP0blYvNOMer2bTvSWs1jGOUg04hTmu67nmLsQ9TBo1puaotBHg==}
    engines: {node: '>=0.6'}
    dev: true

  /binary-searching@2.0.5:
    resolution: {integrity: sha512-v4N2l3RxL+m4zDxyxz3Ne2aTmiPn8ZUpKFpdPtO+ItW1NcTCXA7JeHG5GMBSvoKSkQZ9ycS+EouDVxYB9ufKWA==}
    dev: true

  /bplist-parser@0.2.0:
    resolution: {integrity: sha512-z0M+byMThzQmD9NILRniCUXYsYpjwnlO8N5uCFaCqIOpqRsJCrQL9NK3JsD67CN5a08nF5oIL2bD6loTdHOuKw==}
    engines: {node: '>= 5.10.0'}
    dependencies:
      big-integer: 1.6.51
    dev: true

  /braces@3.0.2:
    resolution: {integrity: sha512-b8um+L1RzM3WDSzvhm6gIz1yfTbBt6YTlcEKAvsmqCZZFw46z626lVj9j1yEPW33H5H+lBQpZMP1k8l+78Ha0A==}
    engines: {node: '>=8'}
    dependencies:
      fill-range: 7.0.1
    dev: true

  /bundle-name@3.0.0:
    resolution: {integrity: sha512-PKA4BeSvBpQKQ8iPOGCSiell+N8P+Tf1DlwqmYhpe2gAhKPHn8EYOxVT+ShuGmhg8lN8XiSlS80yiExKXrURlw==}
    engines: {node: '>=12'}
    dependencies:
      run-applescript: 5.0.0
    dev: true

  /chalk@4.1.2:
    resolution: {integrity: sha512-oKnbhFyRIXpUuez8iBMmyEa4nbj4IOQyuhc/wy9kY7/WVPcwIO9VA668Pu8RkO7+0G76SLROeyw9CpQ061i4mA==}
    engines: {node: '>=10'}
    dependencies:
      ansi-styles: 4.3.0
      supports-color: 7.2.0

  /character-entities@2.0.2:
    resolution: {integrity: sha512-shx7oQ0Awen/BRIdkjkvz54PnEEI/EjwXDSIZp86/KKdbafHh1Df/RYGBhn4hbe2+uKC9FnT5UCEdyPz3ai9hQ==}
    dev: true

  /cliui@8.0.1:
    resolution: {integrity: sha512-BSeNnyus75C4//NQ9gQt1/csTXyo/8Sb+afLAkzAptFuMsod9HFokGNudZpi/oQV73hnVK+sR+5PVRMd+Dr7YQ==}
    engines: {node: '>=12'}
    dependencies:
      string-width: 4.2.3
      strip-ansi: 6.0.1
      wrap-ansi: 7.0.0

  /color-convert@2.0.1:
    resolution: {integrity: sha512-RRECPsj7iu/xb5oKYcsFHSppFNnsj/52OVTRKb4zP5onXwVF3zVmmToNcOfGC+CRDpfK/U584fMg38ZHCaElKQ==}
    engines: {node: '>=7.0.0'}
    dependencies:
      color-name: 1.1.4

  /color-name@1.1.4:
    resolution: {integrity: sha512-dOy+3AuW3a2wNbZHIuMZpTcgjGuLU/uBL/ubcZF9OXbDo8ff4O8yVp5Bf0efS8uEoYo5q4Fx7dY9OgQGXgAsQA==}

  /comment-parser@1.4.0:
    resolution: {integrity: sha512-QLyTNiZ2KDOibvFPlZ6ZngVsZ/0gYnE6uTXi5aoDg8ed3AkJAz4sEje3Y8a29hQ1s6A99MZXe47fLAXQ1rTqaw==}
    engines: {node: '>= 12.0.0'}
    dev: true

  /cross-spawn@7.0.3:
    resolution: {integrity: sha512-iRDPJKUPVEND7dHPO8rkbOnPpyDygcDFtWjpeWNCgy8WP2rXcxXL8TskReQl6OrB2G7+UJrags1q15Fudc7G6w==}
    engines: {node: '>= 8'}
    dependencies:
      path-key: 3.1.1
      shebang-command: 2.0.0
      which: 2.0.2
    dev: true

  /csstype@3.1.2:
    resolution: {integrity: sha512-I7K1Uu0MBPzaFKg4nI5Q7Vs2t+3gWWW648spaF+Rg7pI9ds18Ugn+lvg4SHczUdKlHI5LWBXyqfS8+DufyBsgQ==}

  /debug@4.3.4:
    resolution: {integrity: sha512-PRWFHuSU3eDtQJPvnNY7Jcket1j0t5OuOsFzPPzsekD52Zl8qUfFIPEiswXqIvHWGVHOgX+7G/vCNNhehwxfkQ==}
    engines: {node: '>=6.0'}
    peerDependencies:
      supports-color: '*'
    peerDependenciesMeta:
      supports-color:
        optional: true
    dependencies:
      ms: 2.1.2
    dev: true

  /decode-named-character-reference@1.0.2:
    resolution: {integrity: sha512-O8x12RzrUF8xyVcY0KJowWsmaJxQbmy0/EtnNtHRpsOcT7dFk5W598coHqBVpmWo1oQQfsCqfCmkZN5DJrZVdg==}
    dependencies:
      character-entities: 2.0.2
    dev: true

  /default-browser-id@3.0.0:
    resolution: {integrity: sha512-OZ1y3y0SqSICtE8DE4S8YOE9UZOJ8wO16fKWVP5J1Qz42kV9jcnMVFrEE/noXb/ss3Q4pZIH79kxofzyNNtUNA==}
    engines: {node: '>=12'}
    dependencies:
      bplist-parser: 0.2.0
      untildify: 4.0.0
    dev: true

  /default-browser@4.0.0:
    resolution: {integrity: sha512-wX5pXO1+BrhMkSbROFsyxUm0i/cJEScyNhA4PPxc41ICuv05ZZB/MX28s8aZx6xjmatvebIapF6hLEKEcpneUA==}
    engines: {node: '>=14.16'}
    dependencies:
      bundle-name: 3.0.0
      default-browser-id: 3.0.0
      execa: 7.2.0
      titleize: 3.0.0
    dev: true

  /define-lazy-prop@3.0.0:
    resolution: {integrity: sha512-N+MeXYoqr3pOgn8xfyRPREN7gHakLYjhsHhWGT3fWAiL4IkAt0iDw14QiiEm2bE30c5XX5q0FtAA3CK5f9/BUg==}
    engines: {node: '>=12'}
    dev: true

  /dequal@2.0.3:
    resolution: {integrity: sha512-0je+qPKHEMohvfRTCEo3CrPG6cAzAYgmzKyxRiYSSDkS6eGJdyVJm7WaYA5ECaAD9wLB2T4EEeymA5aFVcYXCA==}
    engines: {node: '>=6'}
    dev: true

  /detect-indent@7.0.1:
    resolution: {integrity: sha512-Mc7QhQ8s+cLrnUfU/Ji94vG/r8M26m8f++vyres4ZoojaRDpZ1eSIh/EpzLNwlWuvzSZ3UbDFspjFvTDXe6e/g==}
    engines: {node: '>=12.20'}
    dev: true

  /detect-newline@4.0.0:
    resolution: {integrity: sha512-1aXUEPdfGdzVPFpzGJJNgq9o81bGg1s09uxTWsqBlo9PI332uyJRQq13+LK/UN4JfxJbFdCXonUFQ9R/p7yCtw==}
    engines: {node: ^12.20.0 || ^14.13.1 || >=16.0.0}
    dev: true

  /devlop@1.1.0:
    resolution: {integrity: sha512-RWmIqhcFf1lRYBvNmr7qTNuyCt/7/ns2jbpp1+PalgE/rDQcBT0fioSMUpJ93irlUhC5hrg4cYqe6U+0ImW0rA==}
    dependencies:
      dequal: 2.0.3
    dev: true

  /dir-glob@3.0.1:
    resolution: {integrity: sha512-WkrWp9GR4KXfKGYzOLmTuGVi1UWFfws377n9cc55/tb6DuqyF6pcQ5AbiHEshaDpY9v6oaSr2XCDidGmMwdzIA==}
    engines: {node: '>=8'}
    dependencies:
      path-type: 4.0.0
    dev: true

  /emoji-regex@8.0.0:
    resolution: {integrity: sha512-MSjYzcWNOA0ewAHpz0MxpYFvwg6yjy1NG3xteoqz644VCo/RPgnr1/GGt+ic3iJTzQ8Eu3TdM14SawnVUmGE6A==}

  /escalade@3.1.1:
    resolution: {integrity: sha512-k0er2gUkLf8O0zKJiAhmkTnJlTvINGv7ygDNPbeIsX/TJjGJZHuh9B2UxbsaEkmlEo9MfhrSzmhIlhRlI2GXnw==}
    engines: {node: '>=6'}

  /execa@5.1.1:
    resolution: {integrity: sha512-8uSpZZocAZRBAPIEINJj3Lo9HyGitllczc27Eh5YYojjMFMn8yHMDMaUHE2Jqfq05D/wucwI4JGURyXt1vchyg==}
    engines: {node: '>=10'}
    dependencies:
      cross-spawn: 7.0.3
      get-stream: 6.0.1
      human-signals: 2.1.0
      is-stream: 2.0.1
      merge-stream: 2.0.0
      npm-run-path: 4.0.1
      onetime: 5.1.2
      signal-exit: 3.0.7
      strip-final-newline: 2.0.0
    dev: true

  /execa@7.2.0:
    resolution: {integrity: sha512-UduyVP7TLB5IcAQl+OzLyLcS/l32W/GLg+AhHJ+ow40FOk2U3SAllPwR44v4vmdFwIWqpdwxxpQbF1n5ta9seA==}
    engines: {node: ^14.18.0 || ^16.14.0 || >=18.0.0}
    dependencies:
      cross-spawn: 7.0.3
      get-stream: 6.0.1
      human-signals: 4.3.1
      is-stream: 3.0.0
      merge-stream: 2.0.0
      npm-run-path: 5.1.0
      onetime: 6.0.0
      signal-exit: 3.0.7
      strip-final-newline: 3.0.0
    dev: true

  /fast-glob@3.3.1:
    resolution: {integrity: sha512-kNFPyjhh5cKjrUltxs+wFx+ZkbRaxxmZ+X0ZU31SOsxCEtP9VPgtq2teZw1DebupL5GmDaNQ6yKMMVcM41iqDg==}
    engines: {node: '>=8.6.0'}
    dependencies:
      '@nodelib/fs.stat': 2.0.5
      '@nodelib/fs.walk': 1.2.8
      glob-parent: 5.1.2
      merge2: 1.4.1
      micromatch: 4.0.5
    dev: true

  /fastq@1.15.0:
    resolution: {integrity: sha512-wBrocU2LCXXa+lWBt8RoIRD89Fi8OdABODa/kEnyeyjS5aZO5/GNvI5sEINADqP/h8M29UHTHUb53sUu5Ihqdw==}
    dependencies:
      reusify: 1.0.4
    dev: true

  /fill-range@7.0.1:
    resolution: {integrity: sha512-qOo9F+dMUmC2Lcb4BbVvnKJxTPjCm+RRpe4gDuGrzkL7mEVl/djYSu2OdQ2Pa302N4oqkSg9ir6jaLWJ2USVpQ==}
    engines: {node: '>=8'}
    dependencies:
      to-regex-range: 5.0.1
    dev: true

  /get-caller-file@2.0.5:
    resolution: {integrity: sha512-DyFP3BM/3YHTQOCUL/w0OZHR0lpKeGrxotcHWcqNEdnltqFwXVfhEBQ94eIo34AfQpo0rGki4cyIiftY06h2Fg==}
    engines: {node: 6.* || 8.* || >= 10.*}

  /get-stdin@9.0.0:
    resolution: {integrity: sha512-dVKBjfWisLAicarI2Sf+JuBE/DghV4UzNAVe9yhEJuzeREd3JhOTE9cUaJTeSa77fsbQUK3pcOpJfM59+VKZaA==}
    engines: {node: '>=12'}
    dev: true

  /get-stream@6.0.1:
    resolution: {integrity: sha512-ts6Wi+2j3jQjqi70w5AlN8DFnkSwC+MqmxEzdEALB2qXZYV3X/b1CTfgPLGJNMeAWxdPfU8FO1ms3NUfaHCPYg==}
    engines: {node: '>=10'}
    dev: true

  /git-hooks-list@3.1.0:
    resolution: {integrity: sha512-LF8VeHeR7v+wAbXqfgRlTSX/1BJR9Q1vEMR8JAz1cEg6GX07+zyj3sAdDvYjj/xnlIfVuGgj4qBei1K3hKH+PA==}
    dev: true

  /glob-parent@5.1.2:
    resolution: {integrity: sha512-AOIgSQCepiJYwP3ARnGx+5VnTu2HBYdzbGP45eLw1vr3zB3vZLeyed1sC9hnbcOc9/SrMyM5RPQrkGz4aS9Zow==}
    engines: {node: '>= 6'}
    dependencies:
      is-glob: 4.0.3
    dev: true

  /globby@13.2.2:
    resolution: {integrity: sha512-Y1zNGV+pzQdh7H39l9zgB4PJqjRNqydvdYCDG4HFXM4XuvSaQQlEc91IU1yALL8gUTDomgBAfz3XJdmUS+oo0w==}
    engines: {node: ^12.20.0 || ^14.13.1 || >=16.0.0}
    dependencies:
      dir-glob: 3.0.1
      fast-glob: 3.3.1
      ignore: 5.2.4
      merge2: 1.4.1
      slash: 4.0.0
    dev: true

  /has-flag@4.0.0:
    resolution: {integrity: sha512-EykJT/Q1KjTWctppgIAgfSO0tKVuZUjhgMr17kqTumMl6Afv3EISleU7qZUzoXDFTAHTDC4NOoG/ZxU3EvlMPQ==}
    engines: {node: '>=8'}

  /human-signals@2.1.0:
    resolution: {integrity: sha512-B4FFZ6q/T2jhhksgkbEW3HBvWIfDW85snkQgawt07S7J5QXTk6BkNV+0yAeZrM5QpMAdYlocGoljn0sJ/WQkFw==}
    engines: {node: '>=10.17.0'}
    dev: true

  /human-signals@4.3.1:
    resolution: {integrity: sha512-nZXjEF2nbo7lIw3mgYjItAfgQXog3OjJogSbKa2CQIIvSGWcKgeJnQlNXip6NglNzYH45nSRiEVimMvYL8DDqQ==}
    engines: {node: '>=14.18.0'}
    dev: true

  /ignore@5.2.4:
    resolution: {integrity: sha512-MAb38BcSbH0eHNBxn7ql2NH/kX33OkB3lZ1BNdh7ENeRChHTYsTvWrMubiIAMNS2llXEEgZ1MUOBtXChP3kaFQ==}
    engines: {node: '>= 4'}
    dev: true

  /is-docker@2.2.1:
    resolution: {integrity: sha512-F+i2BKsFrH66iaUFc0woD8sLy8getkwTwtOBjvs56Cx4CgJDeKQeqfz8wAYiSb8JOprWhHH5p77PbmYCvvUuXQ==}
    engines: {node: '>=8'}
    hasBin: true
    dev: true

  /is-docker@3.0.0:
    resolution: {integrity: sha512-eljcgEDlEns/7AXFosB5K/2nCM4P7FQPkGc/DWLy5rmFEWvZayGrik1d9/QIY5nJ4f9YsVvBkA6kJpHn9rISdQ==}
    engines: {node: ^12.20.0 || ^14.13.1 || >=16.0.0}
    hasBin: true
    dev: true

  /is-extglob@2.1.1:
    resolution: {integrity: sha512-SbKbANkN603Vi4jEZv49LeVJMn4yGwsbzZworEoyEiutsN3nJYdbO36zfhGJ6QEDpOZIFkDtnq5JRxmvl3jsoQ==}
    engines: {node: '>=0.10.0'}
    dev: true

  /is-fullwidth-code-point@3.0.0:
    resolution: {integrity: sha512-zymm5+u+sCsSWyD9qNaejV3DFvhCKclKdizYaJUuHA83RLjb7nSuGnddCHGv0hk+KY7BMAlsWeK4Ueg6EV6XQg==}
    engines: {node: '>=8'}

  /is-glob@4.0.3:
    resolution: {integrity: sha512-xelSayHH36ZgE7ZWhli7pW34hNbNl8Ojv5KVmkJD4hBdD3th8Tfk9vYasLM+mXWOZhFkgZfxhLSnrwRr4elSSg==}
    engines: {node: '>=0.10.0'}
    dependencies:
      is-extglob: 2.1.1
    dev: true

  /is-inside-container@1.0.0:
    resolution: {integrity: sha512-KIYLCCJghfHZxqjYBE7rEy0OBuTd5xCHS7tHVgvCLkx7StIoaxwNW3hCALgEUjFfeRk+MG/Qxmp/vtETEF3tRA==}
    engines: {node: '>=14.16'}
    hasBin: true
    dependencies:
      is-docker: 3.0.0
    dev: true

  /is-number@7.0.0:
    resolution: {integrity: sha512-41Cifkg6e8TylSpdtTpeLVMqvSBEVzTttHvERD741+pnZ8ANv0004MRL43QKPDlK9cGvNp6NZWZUBlbGXYxxng==}
    engines: {node: '>=0.12.0'}
    dev: true

  /is-plain-obj@4.1.0:
    resolution: {integrity: sha512-+Pgi+vMuUNkJyExiMBt5IlFoMyKnr5zhJ4Uspz58WOhBF5QoIZkFyNHIbBAtHwzVAgk5RtndVNsDRN61/mmDqg==}
    engines: {node: '>=12'}
    dev: true

  /is-stream@2.0.1:
    resolution: {integrity: sha512-hFoiJiTl63nn+kstHGBtewWSKnQLpyb155KHheA1l39uvtO9nWIop1p3udqPcUd/xbF1VLMO4n7OI6p7RbngDg==}
    engines: {node: '>=8'}
    dev: true

  /is-stream@3.0.0:
    resolution: {integrity: sha512-LnQR4bZ9IADDRSkvpqMGvt/tEJWclzklNgSw48V5EAaAeDd6qGvN8ei6k5p0tvxSR171VmGyHuTiAOfxAbr8kA==}
    engines: {node: ^12.20.0 || ^14.13.1 || >=16.0.0}
    dev: true

  /is-wsl@2.2.0:
    resolution: {integrity: sha512-fKzAra0rGJUUBwGBgNkHZuToZcn+TtXHpeCgmkMJMMYx1sQDYaCSyjJBSCa2nH1DGm7s3n1oBnohoVTBaN7Lww==}
    engines: {node: '>=8'}
    dependencies:
      is-docker: 2.2.1
    dev: true

  /isexe@2.0.0:
    resolution: {integrity: sha512-RHxMLp9lnKHGHRng9QFhRCMbYAcVpn69smSGcq3f36xjgVVWThj4qqLbTLlq7Ssj8B+fIQ1EuCEGI2lKsyQeIw==}
    dev: true

  /mdast-util-from-markdown@2.0.0:
    resolution: {integrity: sha512-n7MTOr/z+8NAX/wmhhDji8O3bRvPTV/U0oTCaZJkjhPSKTPhS3xufVhKGF8s1pJ7Ox4QgoIU7KHseh09S+9rTA==}
    dependencies:
      '@types/mdast': 4.0.2
      '@types/unist': 3.0.1
      decode-named-character-reference: 1.0.2
      devlop: 1.1.0
      mdast-util-to-string: 4.0.0
      micromark: 4.0.0
      micromark-util-decode-numeric-character-reference: 2.0.0
      micromark-util-decode-string: 2.0.0
      micromark-util-normalize-identifier: 2.0.0
      micromark-util-symbol: 2.0.0
      micromark-util-types: 2.0.0
      unist-util-stringify-position: 4.0.0
    transitivePeerDependencies:
      - supports-color
    dev: true

  /mdast-util-to-string@4.0.0:
    resolution: {integrity: sha512-0H44vDimn51F0YwvxSJSm0eCDOJTRlmN0R1yBh4HLj9wiV1Dn0QoXGbvFAWj2hSItVTlCmBF1hqKlIyUBVFLPg==}
    dependencies:
      '@types/mdast': 4.0.2
    dev: true

  /merge-stream@2.0.0:
    resolution: {integrity: sha512-abv/qOcuPfk3URPfDzmZU1LKmuw8kT+0nIHvKrKgFrwifol/doWcdA4ZqsWQ8ENrFKkd67Mfpo/LovbIUsbt3w==}
    dev: true

  /merge2@1.4.1:
    resolution: {integrity: sha512-8q7VEgMJW4J8tcfVPy8g09NcQwZdbwFEqhe/WZkoIzjn/3TGDwtOCYtXGxA3O8tPzpczCCDgv+P2P5y00ZJOOg==}
    engines: {node: '>= 8'}
    dev: true

  /micromark-core-commonmark@2.0.0:
    resolution: {integrity: sha512-jThOz/pVmAYUtkroV3D5c1osFXAMv9e0ypGDOIZuCeAe91/sD6BoE2Sjzt30yuXtwOYUmySOhMas/PVyh02itA==}
    dependencies:
      decode-named-character-reference: 1.0.2
      devlop: 1.1.0
      micromark-factory-destination: 2.0.0
      micromark-factory-label: 2.0.0
      micromark-factory-space: 2.0.0
      micromark-factory-title: 2.0.0
      micromark-factory-whitespace: 2.0.0
      micromark-util-character: 2.0.1
      micromark-util-chunked: 2.0.0
      micromark-util-classify-character: 2.0.0
      micromark-util-html-tag-name: 2.0.0
      micromark-util-normalize-identifier: 2.0.0
      micromark-util-resolve-all: 2.0.0
      micromark-util-subtokenize: 2.0.0
      micromark-util-symbol: 2.0.0
      micromark-util-types: 2.0.0
    dev: true

  /micromark-factory-destination@2.0.0:
    resolution: {integrity: sha512-j9DGrQLm/Uhl2tCzcbLhy5kXsgkHUrjJHg4fFAeoMRwJmJerT9aw4FEhIbZStWN8A3qMwOp1uzHr4UL8AInxtA==}
    dependencies:
      micromark-util-character: 2.0.1
      micromark-util-symbol: 2.0.0
      micromark-util-types: 2.0.0
    dev: true

  /micromark-factory-label@2.0.0:
    resolution: {integrity: sha512-RR3i96ohZGde//4WSe/dJsxOX6vxIg9TimLAS3i4EhBAFx8Sm5SmqVfR8E87DPSR31nEAjZfbt91OMZWcNgdZw==}
    dependencies:
      devlop: 1.1.0
      micromark-util-character: 2.0.1
      micromark-util-symbol: 2.0.0
      micromark-util-types: 2.0.0
    dev: true

  /micromark-factory-space@2.0.0:
    resolution: {integrity: sha512-TKr+LIDX2pkBJXFLzpyPyljzYK3MtmllMUMODTQJIUfDGncESaqB90db9IAUcz4AZAJFdd8U9zOp9ty1458rxg==}
    dependencies:
      micromark-util-character: 2.0.1
      micromark-util-types: 2.0.0
    dev: true

  /micromark-factory-title@2.0.0:
    resolution: {integrity: sha512-jY8CSxmpWLOxS+t8W+FG3Xigc0RDQA9bKMY/EwILvsesiRniiVMejYTE4wumNc2f4UbAa4WsHqe3J1QS1sli+A==}
    dependencies:
      micromark-factory-space: 2.0.0
      micromark-util-character: 2.0.1
      micromark-util-symbol: 2.0.0
      micromark-util-types: 2.0.0
    dev: true

  /micromark-factory-whitespace@2.0.0:
    resolution: {integrity: sha512-28kbwaBjc5yAI1XadbdPYHX/eDnqaUFVikLwrO7FDnKG7lpgxnvk/XGRhX/PN0mOZ+dBSZ+LgunHS+6tYQAzhA==}
    dependencies:
      micromark-factory-space: 2.0.0
      micromark-util-character: 2.0.1
      micromark-util-symbol: 2.0.0
      micromark-util-types: 2.0.0
    dev: true

  /micromark-util-character@2.0.1:
    resolution: {integrity: sha512-3wgnrmEAJ4T+mGXAUfMvMAbxU9RDG43XmGce4j6CwPtVxB3vfwXSZ6KhFwDzZ3mZHhmPimMAXg71veiBGzeAZw==}
    dependencies:
      micromark-util-symbol: 2.0.0
      micromark-util-types: 2.0.0
    dev: true

  /micromark-util-chunked@2.0.0:
    resolution: {integrity: sha512-anK8SWmNphkXdaKgz5hJvGa7l00qmcaUQoMYsBwDlSKFKjc6gjGXPDw3FNL3Nbwq5L8gE+RCbGqTw49FK5Qyvg==}
    dependencies:
      micromark-util-symbol: 2.0.0
    dev: true

  /micromark-util-classify-character@2.0.0:
    resolution: {integrity: sha512-S0ze2R9GH+fu41FA7pbSqNWObo/kzwf8rN/+IGlW/4tC6oACOs8B++bh+i9bVyNnwCcuksbFwsBme5OCKXCwIw==}
    dependencies:
      micromark-util-character: 2.0.1
      micromark-util-symbol: 2.0.0
      micromark-util-types: 2.0.0
    dev: true

  /micromark-util-combine-extensions@2.0.0:
    resolution: {integrity: sha512-vZZio48k7ON0fVS3CUgFatWHoKbbLTK/rT7pzpJ4Bjp5JjkZeasRfrS9wsBdDJK2cJLHMckXZdzPSSr1B8a4oQ==}
    dependencies:
      micromark-util-chunked: 2.0.0
      micromark-util-types: 2.0.0
    dev: true

  /micromark-util-decode-numeric-character-reference@2.0.0:
    resolution: {integrity: sha512-pIgcsGxpHEtTG/rPJRz/HOLSqp5VTuIIjXlPI+6JSDlK2oljApusG6KzpS8AF0ENUMCHlC/IBb5B9xdFiVlm5Q==}
    dependencies:
      micromark-util-symbol: 2.0.0
    dev: true

  /micromark-util-decode-string@2.0.0:
    resolution: {integrity: sha512-r4Sc6leeUTn3P6gk20aFMj2ntPwn6qpDZqWvYmAG6NgvFTIlj4WtrAudLi65qYoaGdXYViXYw2pkmn7QnIFasA==}
    dependencies:
      decode-named-character-reference: 1.0.2
      micromark-util-character: 2.0.1
      micromark-util-decode-numeric-character-reference: 2.0.0
      micromark-util-symbol: 2.0.0
    dev: true

  /micromark-util-encode@2.0.0:
    resolution: {integrity: sha512-pS+ROfCXAGLWCOc8egcBvT0kf27GoWMqtdarNfDcjb6YLuV5cM3ioG45Ys2qOVqeqSbjaKg72vU+Wby3eddPsA==}
    dev: true

  /micromark-util-html-tag-name@2.0.0:
    resolution: {integrity: sha512-xNn4Pqkj2puRhKdKTm8t1YHC/BAjx6CEwRFXntTaRf/x16aqka6ouVoutm+QdkISTlT7e2zU7U4ZdlDLJd2Mcw==}
    dev: true

  /micromark-util-normalize-identifier@2.0.0:
    resolution: {integrity: sha512-2xhYT0sfo85FMrUPtHcPo2rrp1lwbDEEzpx7jiH2xXJLqBuy4H0GgXk5ToU8IEwoROtXuL8ND0ttVa4rNqYK3w==}
    dependencies:
      micromark-util-symbol: 2.0.0
    dev: true

  /micromark-util-resolve-all@2.0.0:
    resolution: {integrity: sha512-6KU6qO7DZ7GJkaCgwBNtplXCvGkJToU86ybBAUdavvgsCiG8lSSvYxr9MhwmQ+udpzywHsl4RpGJsYWG1pDOcA==}
    dependencies:
      micromark-util-types: 2.0.0
    dev: true

  /micromark-util-sanitize-uri@2.0.0:
    resolution: {integrity: sha512-WhYv5UEcZrbAtlsnPuChHUAsu/iBPOVaEVsntLBIdpibO0ddy8OzavZz3iL2xVvBZOpolujSliP65Kq0/7KIYw==}
    dependencies:
      micromark-util-character: 2.0.1
      micromark-util-encode: 2.0.0
      micromark-util-symbol: 2.0.0
    dev: true

  /micromark-util-subtokenize@2.0.0:
    resolution: {integrity: sha512-vc93L1t+gpR3p8jxeVdaYlbV2jTYteDje19rNSS/H5dlhxUYll5Fy6vJ2cDwP8RnsXi818yGty1ayP55y3W6fg==}
    dependencies:
      devlop: 1.1.0
      micromark-util-chunked: 2.0.0
      micromark-util-symbol: 2.0.0
      micromark-util-types: 2.0.0
    dev: true

  /micromark-util-symbol@2.0.0:
    resolution: {integrity: sha512-8JZt9ElZ5kyTnO94muPxIGS8oyElRJaiJO8EzV6ZSyGQ1Is8xwl4Q45qU5UOg+bGH4AikWziz0iN4sFLWs8PGw==}
    dev: true

  /micromark-util-types@2.0.0:
    resolution: {integrity: sha512-oNh6S2WMHWRZrmutsRmDDfkzKtxF+bc2VxLC9dvtrDIRFln627VsFP6fLMgTryGDljgLPjkrzQSDcPrjPyDJ5w==}
    dev: true

  /micromark@4.0.0:
    resolution: {integrity: sha512-o/sd0nMof8kYff+TqcDx3VSrgBTcZpSvYcAHIfHhv5VAuNmisCxjhx6YmxS8PFEpb9z5WKWKPdzf0jM23ro3RQ==}
    dependencies:
      '@types/debug': 4.1.8
      debug: 4.3.4
      decode-named-character-reference: 1.0.2
      devlop: 1.1.0
      micromark-core-commonmark: 2.0.0
      micromark-factory-space: 2.0.0
      micromark-util-character: 2.0.1
      micromark-util-chunked: 2.0.0
      micromark-util-combine-extensions: 2.0.0
      micromark-util-decode-numeric-character-reference: 2.0.0
      micromark-util-encode: 2.0.0
      micromark-util-normalize-identifier: 2.0.0
      micromark-util-resolve-all: 2.0.0
      micromark-util-sanitize-uri: 2.0.0
      micromark-util-subtokenize: 2.0.0
      micromark-util-symbol: 2.0.0
      micromark-util-types: 2.0.0
    transitivePeerDependencies:
      - supports-color
    dev: true

  /micromatch@4.0.5:
    resolution: {integrity: sha512-DMy+ERcEW2q8Z2Po+WNXuw3c5YaUSFjAO5GsJqfEl7UjvtIuFKO6ZrKvcItdy98dwFI2N1tg3zNIdKaQT+aNdA==}
    engines: {node: '>=8.6'}
    dependencies:
      braces: 3.0.2
      picomatch: 2.3.1
    dev: true

  /mimic-fn@2.1.0:
    resolution: {integrity: sha512-OqbOk5oEQeAZ8WXWydlu9HJjz9WVdEIvamMCcXmuqUYjTknH/sqsWvhQ3vgwKFRR1HpjvNBKQ37nbJgYzGqGcg==}
    engines: {node: '>=6'}
    dev: true

  /mimic-fn@4.0.0:
    resolution: {integrity: sha512-vqiC06CuhBTUdZH+RYl8sFrL096vA45Ok5ISO6sE/Mr1jRbGH4Csnhi8f3wKVl7x8mO4Au7Ir9D3Oyv1VYMFJw==}
    engines: {node: '>=12'}
    dev: true

  /ms@2.1.2:
    resolution: {integrity: sha512-sGkPx+VjMtmA6MX27oA4FBFELFCZZ4S4XqeGOXCv68tT+jb3vk/RyaKWP0PTKyWtmLSM0b+adUTEvbs1PEaH2w==}
    dev: true

  /npm-run-path@4.0.1:
    resolution: {integrity: sha512-S48WzZW777zhNIrn7gxOlISNAqi9ZC/uQFnRdbeIHhZhCA6UqpkOT8T1G7BvfdgP4Er8gF4sUbaS0i7QvIfCWw==}
    engines: {node: '>=8'}
    dependencies:
      path-key: 3.1.1
    dev: true

  /npm-run-path@5.1.0:
    resolution: {integrity: sha512-sJOdmRGrY2sjNTRMbSvluQqg+8X7ZK61yvzBEIDhz4f8z1TZFYABsqjjCBd/0PUNE9M6QDgHJXQkGUEm7Q+l9Q==}
    engines: {node: ^12.20.0 || ^14.13.1 || >=16.0.0}
    dependencies:
      path-key: 4.0.0
    dev: true

  /onetime@5.1.2:
    resolution: {integrity: sha512-kbpaSSGJTWdAY5KPVeMOKXSrPtr8C8C7wodJbcsd51jRnmD+GZu8Y0VoU6Dm5Z4vWr0Ig/1NKuWRKf7j5aaYSg==}
    engines: {node: '>=6'}
    dependencies:
      mimic-fn: 2.1.0
    dev: true

  /onetime@6.0.0:
    resolution: {integrity: sha512-1FlR+gjXK7X+AsAHso35MnyN5KqGwJRi/31ft6x0M194ht7S+rWAvd7PHss9xSKMzE0asv1pyIHaJYq+BbacAQ==}
    engines: {node: '>=12'}
    dependencies:
      mimic-fn: 4.0.0
    dev: true

  /open@9.1.0:
    resolution: {integrity: sha512-OS+QTnw1/4vrf+9hh1jc1jnYjzSG4ttTBB8UxOwAnInG3Uo4ssetzC1ihqaIHjLJnA5GGlRl6QlZXOTQhRBUvg==}
    engines: {node: '>=14.16'}
    dependencies:
      default-browser: 4.0.0
      define-lazy-prop: 3.0.0
      is-inside-container: 1.0.0
      is-wsl: 2.2.0
    dev: true

  /path-key@3.1.1:
    resolution: {integrity: sha512-ojmeN0qd+y0jszEtoY48r0Peq5dwMEkIlCOu6Q5f41lfkswXuKtYrhgoTpLnyIcHm24Uhqx+5Tqm2InSwLhE6Q==}
    engines: {node: '>=8'}
    dev: true

  /path-key@4.0.0:
    resolution: {integrity: sha512-haREypq7xkM7ErfgIyA0z+Bj4AGKlMSdlQE2jvJo6huWD1EdkKYV+G/T4nq0YEF2vgTT8kqMFKo1uHn950r4SQ==}
    engines: {node: '>=12'}
    dev: true

  /path-type@4.0.0:
    resolution: {integrity: sha512-gDKb8aZMDeD/tZWs9P6+q0J9Mwkdl6xMV8TjnGP3qJVJ06bdMgkbBlLU8IdfOsIsFz2BW1rNVT3XuNEl8zPAvw==}
    engines: {node: '>=8'}
    dev: true

  /picocolors@1.0.0:
    resolution: {integrity: sha512-1fygroTLlHu66zi26VoTDv8yRgm0Fccecssto+MhsZ0D/DGW2sm8E8AjW7NU5VVTRt5GxbeZ5qBuJr+HyLYkjQ==}
    dev: true

  /picomatch@2.3.1:
    resolution: {integrity: sha512-JU3teHTNjmE2VCGFzuY8EXzCDVwEqB2a8fsIvwaStHhAWJEeVd1o1QD80CU6+ZdEXXSLbSsuLwJjkCBWqRQUVA==}
    engines: {node: '>=8.6'}
    dev: true

  /prettier-plugin-jsdoc@1.1.1(prettier@3.0.3):
    resolution: {integrity: sha512-yA13k0StQ+g0RJBrmo2IldVSp3ANXlJdsNzQNhGtQ0LY7JFC+u01No/1Z9xp0ZhT4u98BXlPAc4SC0iambqy5A==}
    engines: {node: '>=14.13.1 || >=16.0.0'}
    peerDependencies:
      prettier: ^3.0.0
    dependencies:
      binary-searching: 2.0.5
      comment-parser: 1.4.0
      mdast-util-from-markdown: 2.0.0
      prettier: 3.0.3
    transitivePeerDependencies:
      - supports-color
    dev: true

  /prettier-plugin-organize-imports@3.2.3(prettier@3.0.3)(typescript@5.2.2):
    resolution: {integrity: sha512-KFvk8C/zGyvUaE3RvxN2MhCLwzV6OBbFSkwZ2OamCrs9ZY4i5L77jQ/w4UmUr+lqX8qbaqVq6bZZkApn+IgJSg==}
    peerDependencies:
      '@volar/vue-language-plugin-pug': ^1.0.4
      '@volar/vue-typescript': ^1.0.4
      prettier: '>=2.0'
      typescript: '>=2.9'
    peerDependenciesMeta:
      '@volar/vue-language-plugin-pug':
        optional: true
      '@volar/vue-typescript':
        optional: true
    dependencies:
      prettier: 3.0.3
      typescript: 5.2.2
    dev: true

  /prettier-plugin-packagejson@2.4.6(prettier@3.0.3):
    resolution: {integrity: sha512-5JGfzkJRL0DLNyhwmiAV9mV0hZLHDwddFCs2lc9CNxOChpoWUQVe8K4qTMktmevmDlMpok2uT10nvHUyU59sNw==}
    peerDependencies:
      prettier: '>= 1.16.0'
    peerDependenciesMeta:
      prettier:
        optional: true
    dependencies:
      prettier: 3.0.3
      sort-package-json: 2.6.0
      synckit: 0.8.5
    dev: true

  /prettier@3.0.3:
    resolution: {integrity: sha512-L/4pUDMxcNa8R/EthV08Zt42WBO4h1rarVtK0K+QJG0X187OLo7l699jWw0GKuwzkPQ//jMFA/8Xm6Fh3J/DAg==}
    engines: {node: '>=14'}
    hasBin: true
    dev: true

  /queue-microtask@1.2.3:
    resolution: {integrity: sha512-NuaNSa6flKT5JaSYQzJok04JzTL1CA6aGhv5rfLW3PgqA+M2ChpZQnAC8h8i4ZFkBS8X5RqkDBHA7r4hej3K9A==}
    dev: true

  /require-directory@2.1.1:
    resolution: {integrity: sha512-fGxEI7+wsG9xrvdjsrlmL22OMTTiHRwAMroiEeMgq8gzoLC/PQr7RsRDSTLUg/bZAZtF+TVIkHc6/4RIKrui+Q==}
    engines: {node: '>=0.10.0'}

  /reusify@1.0.4:
    resolution: {integrity: sha512-U9nH88a3fc/ekCF1l0/UP1IosiuIjyTh7hBvXVMHYgVcfGvt897Xguj2UOLDeI5BG2m7/uwyaLVT6fbtCwTyzw==}
    engines: {iojs: '>=1.0.0', node: '>=0.10.0'}
    dev: true

  /run-applescript@5.0.0:
    resolution: {integrity: sha512-XcT5rBksx1QdIhlFOCtgZkB99ZEouFZ1E2Kc2LHqNW13U3/74YGdkQRmThTwxy4QIyookibDKYZOPqX//6BlAg==}
    engines: {node: '>=12'}
    dependencies:
      execa: 5.1.1
    dev: true

  /run-parallel@1.2.0:
    resolution: {integrity: sha512-5l4VyZR86LZ/lDxZTR6jqL8AFE2S0IFLMP26AbjsLVADxHdhB/c0GUsH+y39UfCi3dzz8OlQuPmnaJOMoDHQBA==}
    dependencies:
      queue-microtask: 1.2.3
    dev: true

  /shebang-command@2.0.0:
    resolution: {integrity: sha512-kHxr2zZpYtdmrN1qDjrrX/Z1rR1kG8Dx+gkpK1G4eXmvXswmcE1hTWBWYUzlraYw1/yZp6YuDY77YtvbN0dmDA==}
    engines: {node: '>=8'}
    dependencies:
      shebang-regex: 3.0.0
    dev: true

  /shebang-regex@3.0.0:
    resolution: {integrity: sha512-7++dFhtcx3353uBaq8DDR4NuxBetBzC7ZQOhmTQInHEd6bSrXdiEyzCvG07Z44UYdLShWUyXt5M/yhz8ekcb1A==}
    engines: {node: '>=8'}
    dev: true

  /signal-exit@3.0.7:
    resolution: {integrity: sha512-wnD2ZE+l+SPC/uoS0vXeE9L1+0wuaMqKlfz9AMUo38JsyLSBWSFcHR1Rri62LZc12vLr1gb3jl7iwQhgwpAbGQ==}
    dev: true

  /slash@4.0.0:
    resolution: {integrity: sha512-3dOsAHXXUkQTpOYcoAxLIorMTp4gIQr5IW3iVb7A7lFIp0VHhnynm9izx6TssdrIcVIESAlVjtnO2K8bg+Coew==}
    engines: {node: '>=12'}
    dev: true

  /sort-object-keys@1.1.3:
    resolution: {integrity: sha512-855pvK+VkU7PaKYPc+Jjnmt4EzejQHyhhF33q31qG8x7maDzkeFhAAThdCYay11CISO+qAMwjOBP+fPZe0IPyg==}
    dev: true

  /sort-package-json@2.6.0:
    resolution: {integrity: sha512-XSQ+lY9bAYA8ZsoChcEoPlgcSMaheziEp1beox1JVxy1SV4F2jSq9+h2rJ+3mC/Dhu9Ius1DLnInD5AWcsDXZw==}
    hasBin: true
    dependencies:
      detect-indent: 7.0.1
      detect-newline: 4.0.0
      get-stdin: 9.0.0
      git-hooks-list: 3.1.0
      globby: 13.2.2
      is-plain-obj: 4.1.0
      sort-object-keys: 1.1.3
    dev: true

  /string-width@4.2.3:
    resolution: {integrity: sha512-wKyQRQpjJ0sIp62ErSZdGsjMJWsap5oRNihHhu6G7JVO/9jIB6UyevL+tXuOqrng8j/cxKTWyWUwvSTriiZz/g==}
    engines: {node: '>=8'}
    dependencies:
      emoji-regex: 8.0.0
      is-fullwidth-code-point: 3.0.0
      strip-ansi: 6.0.1

  /strip-ansi@6.0.1:
    resolution: {integrity: sha512-Y38VPSHcqkFrCpFnQ9vuSXmquuv5oXOKpGeT6aGrr3o3Gc9AlVa6JBfUSOCnbxGGZF+/0ooI7KrPuUSztUdU5A==}
    engines: {node: '>=8'}
    dependencies:
      ansi-regex: 5.0.1

  /strip-final-newline@2.0.0:
    resolution: {integrity: sha512-BrpvfNAE3dcvq7ll3xVumzjKjZQ5tI1sEUIKr3Uoks0XUl45St3FlatVqef9prk4jRDzhW6WZg+3bk93y6pLjA==}
    engines: {node: '>=6'}
    dev: true

  /strip-final-newline@3.0.0:
    resolution: {integrity: sha512-dOESqjYr96iWYylGObzd39EuNTa5VJxyvVAEm5Jnh7KGo75V43Hk1odPQkNDyXNmUR6k+gEiDVXnjB8HJ3crXw==}
    engines: {node: '>=12'}
    dev: true

  /supports-color@7.2.0:
    resolution: {integrity: sha512-qpCAvRl9stuOHveKsn7HncJRvv501qIacKzQlO/+Lwxc9+0q2wLyv4Dfvt80/DPn2pqOBsJdDiogXGR9+OvwRw==}
    engines: {node: '>=8'}
    dependencies:
      has-flag: 4.0.0

  /synckit@0.8.5:
    resolution: {integrity: sha512-L1dapNV6vu2s/4Sputv8xGsCdAVlb5nRDMFU/E27D44l5U6cw1g0dGd45uLc+OXjNMmF4ntiMdCimzcjFKQI8Q==}
    engines: {node: ^14.18.0 || >=16.0.0}
    dependencies:
      '@pkgr/utils': 2.4.2
      tslib: 2.6.2
    dev: true

  /titleize@3.0.0:
    resolution: {integrity: sha512-KxVu8EYHDPBdUYdKZdKtU2aj2XfEx9AfjXxE/Aj0vT06w2icA09Vus1rh6eSu1y01akYg6BjIK/hxyLJINoMLQ==}
    engines: {node: '>=12'}
    dev: true

  /to-regex-range@5.0.1:
    resolution: {integrity: sha512-65P7iz6X5yEr1cwcgvQxbbIw7Uk3gOy5dIdtZ4rDveLqhrdJP+Li/Hx6tyK0NEb+2GCyneCMJiGqrADCSNk8sQ==}
    engines: {node: '>=8.0'}
    dependencies:
      is-number: 7.0.0
    dev: true

  /tslib@2.6.2:
    resolution: {integrity: sha512-AEYxH93jGFPn/a2iVAwW87VuUIkR1FVUKB77NwMF7nBTDkDrrT/Hpt/IrCJ0QXhW27jTBDcf5ZY7w6RiqTMw2Q==}

  /typescript@5.2.2:
    resolution: {integrity: sha512-mI4WrpHsbCIcwT9cF4FZvr80QUeKvsUsUvKDoR+X/7XHQH98xYD8YHZg7ANtz2GtZt/CBq2QJ0thkGJMHfqc1w==}
    engines: {node: '>=14.17'}
    hasBin: true

  /unist-util-stringify-position@4.0.0:
    resolution: {integrity: sha512-0ASV06AAoKCDkS2+xw5RXJywruurpbC4JZSm7nr7MOt1ojAzvyyaO+UxZf18j8FCF6kmzCZKcAgN/yu2gm2XgQ==}
    dependencies:
      '@types/unist': 3.0.1
    dev: true

  /untildify@4.0.0:
    resolution: {integrity: sha512-KK8xQ1mkzZeg9inewmFVDNkg3l5LUhoq9kN6iWYB/CC9YMG8HA+c1Q8HwDe6dEX7kErrEVNVBO3fWsVq5iDgtw==}
    engines: {node: '>=8'}
    dev: true

  /which@2.0.2:
    resolution: {integrity: sha512-BLI3Tl1TW3Pvl70l3yq3Y64i+awpwXqsGBYWkkqMtnbXgrMD+yj7rhW0kuEDxzJaYXGjEW5ogapKNMEKNMjibA==}
    engines: {node: '>= 8'}
    hasBin: true
    dependencies:
      isexe: 2.0.0
    dev: true

  /wrap-ansi@7.0.0:
    resolution: {integrity: sha512-YVGIj2kamLSTxw6NsZjoBxfSwsn0ycdesmc4p+Q21c5zPuZ1pl+NfxVdxPtdHvmNVOQ6XSYG4AUtyt/Fi7D16Q==}
    engines: {node: '>=10'}
    dependencies:
      ansi-styles: 4.3.0
      string-width: 4.2.3
      strip-ansi: 6.0.1

  /y18n@5.0.8:
    resolution: {integrity: sha512-0pfFzegeDWJHJIAmTLRP2DwHjdF5s7jo9tuztdQxAhINCdvS+3nGINqPd00AphqJR/0LhANUS6/+7SCb98YOfA==}
    engines: {node: '>=10'}

  /yargs-parser@21.1.1:
    resolution: {integrity: sha512-tVpsJW7DdjecAiFpbIB1e3qxIQsE6NoPc5/eTdrbbIC4h0LVsWhnoa3g+m2HclBIujHzsxZ4VJVA+GUuc2/LBw==}
    engines: {node: '>=12'}

  /yargs@17.7.2:
    resolution: {integrity: sha512-7dSzzRQ++CKnNI/krKnYRV7JKKPUXMEh61soaHKg9mrWEhzFWhFnxPxGl+69cD1Ou63C13NUPCnmIcrvqCuM6w==}
    engines: {node: '>=12'}
    dependencies:
      cliui: 8.0.1
      escalade: 3.1.1
      get-caller-file: 2.0.5
      require-directory: 2.1.1
      string-width: 4.2.3
      y18n: 5.0.8
      yargs-parser: 21.1.1

  file:(@kitajs/html@3.0.0)(typescript@5.2.2):
    resolution: {directory: '', type: directory}
    id: 'file:'
    name: '@kitajs/ts-html-plugin'
    hasBin: true
    peerDependencies:
      '@kitajs/html': '>=3'
      typescript: '>=5'
    dependencies:
      '@kitajs/html': 3.0.0(@kitajs/ts-html-plugin@1.1.1)
      chalk: 4.1.2
      tslib: 2.6.2
      typescript: 5.2.2
      yargs: 17.7.2
    dev: true
